{
  "originHash" : "bbb11fa6ee2154410f334cc15812c339838f9391d1e0f8d40e3228f5b7483bf9",
  "pins" : [
    {
      "identity" : "harness",
      "kind" : "remoteSourceControl",
      "location" : "https://github.com/richardpiazza/Harness.git",
      "state" : {
        "revision" : "30c3a1adb227e11d1472db066fc3b74c3b29e18a",
        "version" : "1.2.1"
      }
    },
    {
      "identity" : "swift-log",
      "kind" : "remoteSourceControl",
      "location" : "https://github.com/apple/swift-log.git",
      "state" : {
        "revision" : "3ffafb9722d5d918c614feb496c8789a3b59d222",
        "version" : "1.15.0"
      }
    }
  ],
  "version" : 3
}
