{
  "pins" : [
    {
      "identity" : "asyncplus",
      "kind" : "remoteSourceControl",
      "location" : "https://github.com/richardpiazza/AsyncPlus",
      "state" : {
        "revision" : "ab486f6744539f8814296cc85a7cc317f165dfc0",
        "version" : "0.3.2"
      }
    },
    {
      "identity" : "harness",
      "kind" : "remoteSourceControl",
      "location" : "https://github.com/richardpiazza/Harness.git",
      "state" : {
        "revision" : "0fffad21894b52349c84dfdccb7e31e07019655f",
        "version" : "1.2.0"
      }
    },
    {
      "identity" : "swift-log",
      "kind" : "remoteSourceControl",
      "location" : "https://github.com/apple/swift-log.git",
      "state" : {
        "revision" : "9cb486020ebf03bfa5b5df985387a14a98744537",
        "version" : "1.6.1"
      }
    }
  ],
  "version" : 2
}
